github.com/PuerkitoBio/goquery v1.5.1 h1:PSPBGne8NIUWw+/7vFBV+kG2J/5MOjbzc7154OaKCSE=
github.com/PuerkitoBio/goquery v1.5.1/go.mod h1:GsLWisAFVj4WgDibEWF4pvYnkVQBpKBKeU+7zCJoLcc=
github.com/SevereCloud/vksdk/v2 v2.10.0 h1:HFTKrRmWaPuRn46PtWjHFlJNElyWrNP3+J2b4j9ztpY=
github.com/SevereCloud/vksdk/v2 v2.10.0/go.mod h1:jCicWsIOXu4bfbGGuvVw4dM/EbrC8dOyA+0ccvhiFEo=
github.com/andybalholm/cascadia v1.1.0 h1:BuuO6sSfQNFRu1LppgbD25Hr2vLYW25JvxHs5zzsLTo=
github.com/andybalholm/cascadia v1.1.0/go.mod h1:GsXiBklL0woXo1j/WYWtSYYC4ouU9PqHO0sqidkEA4Y=
github.com/davecgh/go-spew v1.1.0 h1:ZDRjVQ15GmhC3fiQ8ni8+OwkZQO4DARzQgrnXU1Liz8=
github.com/davecgh/go-spew v1.1.0/go.mod h1:J7Y8YcW2NihsgmVo/mv3lAwl/skON4iLHjSsI+c5H38=
github.com/go-telegram-bot-api/telegram-bot-api v4.6.2+incompatible h1:tI1+S63aiYb8JDRY8WBqn7Q1Utnr09L9ga5T2VA2ZDI=
github.com/go-telegram-bot-api/telegram-bot-api v4.6.2+incompatible/go.mod h1:qf9acutJ8cwBUhm1bqgz6Bei9/C/c93FPDljKWwsOgM=
github.com/gorilla/schema v1.2.0/go.mod h1:kgLaKoK1FELgZqMAVxx/5cbj0kT+57qxUrAlIO2eleU=
github.com/gorilla/websocket v1.4.2 h1:+/TMaTYc4QFitKJxsQ7Yye35DkWvkdLcvGKqM+x0Ufc=
github.com/gorilla/websocket v1.4.2/go.mod h1:YR8l580nyteQvAITg2hZ9XVh4b55+EU/adAjf1fMHhE=
github.com/jasonlvhit/gocron v0.0.0-20180312192515-54194c9749d4 h1:pxDHjTXOh3pcCRouZv+QBWXZAzjEMX4WYH9zueqlJmo=
github.com/jasonlvhit/gocron v0.0.0-20180312192515-54194c9749d4/go.mod h1:rwi/esz/h+4oWLhbWWK7f6dtmgLzxeZhnwGr7MCsTNk=
github.com/pkg/errors v0.9.1 h1:FEBLx1zS214owpjy7qsBeixbURkuhQAwrK5UwLGTwt4=
github.com/pkg/errors v0.9.1/go.mod h1:bwawxfHBFNV+L2hUp1rHADufV3IMtnDRdf1r5NINEl0=
github.com/pmezard/go-difflib v1.0.0 h1:4DBwDE0NGyQoBHbLQYPwSUPoCMWR5BEzIk/f1lZbAQM=
github.com/pmezard/go-difflib v1.0.0/go.mod h1:iKH77koFhYxTK1pcRnkKkqfTogsbg7gZNVY4sRDYZ/4=
github.com/slongfield/pyfmt v0.0.0-20180124071345-020a7cb18bca h1:fO9hIZRL+kteo13eh51GqkUdZf/NpMmZsi8ob6b1eOg=
github.com/slongfield/pyfmt v0.0.0-20180124071345-020a7cb18bca/go.mod h1:41QiOYlRDMkcA4GnlnV0jfYUyqxKHYnUeaQRAvpezw8=
github.com/stretchr/objx v0.1.0/go.mod h1:HFkY916IF+rwdDfMAkV7OtwuqBVzrE8GR6GFx+wExME=
github.com/stretchr/testify v1.7.0 h1:nwc3DEeHmmLAfoZucVR881uASk0Mfjw8xYJ99tb5CcY=
github.com/stretchr/testify v1.7.0/go.mod h1:6Fq8oRcR53rry900zMqJjRRixrwX3KX962/h/Wwjteg=
github.com/technoweenie/multipartstreamer v1.0.1 h1:XRztA5MXiR1TIRHxH2uNxXxaIkKQDeX7m2XsSOlQEnM=
github.com/technoweenie/multipartstreamer v1.0.1/go.mod h1:jNVxdtShOxzAsukZwTSw6MDx5eUJoiEBsSvzDU9uzog=
golang.org/x/crypto v0.0.0-20190308221718-c2843e01d9a2/go.mod h1:djNgcEr1/C05ACkg1iLfiJU5Ep61QUkGW8qpdssI0+w=
golang.org/x/net v0.0.0-20180218175443-cbe0f9307d01/go.mod h1:mL1N/T3taQHkDXs73rZJwtUhF3w3ftmwwsq0BUmARs4=
golang.org/x/net v0.0.0-20200202094626-16171245cfb2 h1:CCH4IOTTfewWjGOlSp+zGcjutRKlBEZQ6wTn8ozI/nI=
golang.org/x/net v0.0.0-20200202094626-16171245cfb2/go.mod h1:z5CRVTTTmAJ677TzLLGU+0bjPO0LkuOLi4/5GtJWs/s=
golang.org/x/sys v0.0.0-20190215142949-d0b11bdaac8a/go.mod h1:STP8DvDyc/dI5b8T5hshtkjS+E42TnysNCUPdjciGhY=
golang.org/x/text v0.3.0/go.mod h1:NqM8EUOU14njkJ3fqMW+pc6Ldnwhi/IjpwHt7yyuwOQ=
golang.org/x/text v0.3.5 h1:i6eZZ+zk0SOf0xgBpEpPD18qWcJda6q1sxt3S0kzyUQ=
golang.org/x/text v0.3.5/go.mod h1:5Zoc/QRtKVWzQhOtBMvqHzDpF6irO9z98xDceosuGiQ=
golang.org/x/tools v0.0.0-20180917221912-90fa682c2a6e/go.mod h1:n7NCudcB/nEzxVGmLbDWY5pfWTLqBcC2KZ6jyYvM4mQ=
gopkg.in/check.v1 v0.0.0-20161208181325-20d25e280405 h1:yhCVgyC4o1eVCa2tZl7eS0r+SDo693bJlVdllGtEeKM=
gopkg.in/check.v1 v0.0.0-20161208181325-20d25e280405/go.mod h1:Co6ibVJAznAaIkqp8huTwlJQCZ016jof/cbN4VW5Yz0=
gopkg.in/yaml.v2 v2.2.1 h1:mUhvW9EsL+naU5Q3cakzfE91YhliOondGd6ZrsDBHQE=
gopkg.in/yaml.v2 v2.2.1/go.mod h1:hI93XBmqTisBFMUTm0b8Fm+jr3Dg1NNxqwp+5A1VGuI=
gopkg.in/yaml.v3 v3.0.0-20200313102051-9f266ea9e77c h1:dUUwHk2QECo/6vqA44rthZ8ie2QXMNeKRTHCNY2nXvo=
gopkg.in/yaml.v3 v3.0.0-20200313102051-9f266ea9e77c/go.mod h1:K4uyk7z7BCEPqu6E+C64Yfv1cQ7kz7rIZviUmN+EgEM=
